
Microsoft Visual Studio Solution File, Format Version 12.00
# Visual Studio Version 17
VisualStudioVersion = 17.14.36705.20 d17.14
MinimumVisualStudioVersion = 10.0.40219.1
Project("{FAE04EC0-301F-11D3-BF4B-00C04F79EFBC}") = "WpfApp2", "WpfApp2\WpfApp2.csproj", "{CEA64AED-F183-4430-B390-6EE2905B61E1}"
EndProject
Global
	GlobalSection(SolutionConfigurationPlatforms) = preSolution
		Debug|Any CPU = Debug|Any CPU
		Release|Any CPU = Release|Any CPU
	EndGlobalSection
	GlobalSection(ProjectConfigurationPlatforms) = postSolution
		{CEA64AED-F183-4430-B390-6EE2905B61E1}.Debug|Any CPU.ActiveCfg = Debug|Any CPU
		{CEA64AED-F183-4430-B390-6EE2905B61E1}.Debug|Any CPU.Build.0 = Debug|Any CPU
		{CEA64AED-F183-4430-B390-6EE2905B61E1}.Release|Any CPU.ActiveCfg = Release|Any CPU
		{CEA64AED-F183-4430-B390-6EE2905B61E1}.Release|Any CPU.Build.0 = Release|Any CPU
	EndGlobalSection
	GlobalSection(SolutionProperties) = preSolution
		HideSolutionNode = FALSE
	EndGlobalSection
	GlobalSection(ExtensibilityGlobals) = postSolution
		SolutionGuid = {6B73749B-C4C5-464A-ACF8-508F7C7FD820}
	EndGlobalSection
EndGlobal
